
Microsoft Visual Studio Solution File, Format Version 12.00
# Visual Studio Version 17
VisualStudioVersion = 17.2.32602.215
MinimumVisualStudioVersion = 10.0.40219.1
Project("{FAE04EC0-301F-11D3-BF4B-00C04F79EFBC}") = "POO3", "POO3\POO3.csproj", "{9F3A13C2-6014-4CF7-B14E-DDBFFB8DEA12}"
EndProject
Global
	GlobalSection(SolutionConfigurationPlatforms) = preSolution
		Debug|Any CPU = Debug|Any CPU
		Release|Any CPU = Release|Any CPU
	EndGlobalSection
	GlobalSection(ProjectConfigurationPlatforms) = postSolution
		{9F3A13C2-6014-4CF7-B14E-DDBFFB8DEA12}.Debug|Any CPU.ActiveCfg = Debug|Any CPU
		{9F3A13C2-6014-4CF7-B14E-DDBFFB8DEA12}.Debug|Any CPU.Build.0 = Debug|Any CPU
		{9F3A13C2-6014-4CF7-B14E-DDBFFB8DEA12}.Release|Any CPU.ActiveCfg = Release|Any CPU
		{9F3A13C2-6014-4CF7-B14E-DDBFFB8DEA12}.Release|Any CPU.Build.0 = Release|Any CPU
	EndGlobalSection
	GlobalSection(SolutionProperties) = preSolution
		HideSolutionNode = FALSE
	EndGlobalSection
	GlobalSection(ExtensibilityGlobals) = postSolution
		SolutionGuid = {0C72BF01-80CF-404A-963F-9842365BFD16}
	EndGlobalSection
EndGlobal
