
Microsoft Visual Studio Solution File, Format Version 12.00
# Visual Studio Version 17
VisualStudioVersion = 17.2.32602.215
MinimumVisualStudioVersion = 10.0.40219.1
Project("{FAE04EC0-301F-11D3-BF4B-00C04F79EFBC}") = "ProgressBar", "ProgressBar\ProgressBar.csproj", "{FCA1DF9A-F201-49E5-9E34-C8B3CD694F31}"
EndProject
Project("{FAE04EC0-301F-11D3-BF4B-00C04F79EFBC}") = "BoutonRadio", "..\BoutonRadio\BoutonRadio.csproj", "{489FE4BF-07D4-4662-8547-4A556AE69FBC}"
EndProject
Global
	GlobalSection(SolutionConfigurationPlatforms) = preSolution
		Debug|Any CPU = Debug|Any CPU
		Release|Any CPU = Release|Any CPU
	EndGlobalSection
	GlobalSection(ProjectConfigurationPlatforms) = postSolution
		{FCA1DF9A-F201-49E5-9E34-C8B3CD694F31}.Debug|Any CPU.ActiveCfg = Debug|Any CPU
		{FCA1DF9A-F201-49E5-9E34-C8B3CD694F31}.Debug|Any CPU.Build.0 = Debug|Any CPU
		{FCA1DF9A-F201-49E5-9E34-C8B3CD694F31}.Release|Any CPU.ActiveCfg = Release|Any CPU
		{FCA1DF9A-F201-49E5-9E34-C8B3CD694F31}.Release|Any CPU.Build.0 = Release|Any CPU
		{489FE4BF-07D4-4662-8547-4A556AE69FBC}.Debug|Any CPU.ActiveCfg = Debug|Any CPU
		{489FE4BF-07D4-4662-8547-4A556AE69FBC}.Debug|Any CPU.Build.0 = Debug|Any CPU
		{489FE4BF-07D4-4662-8547-4A556AE69FBC}.Release|Any CPU.ActiveCfg = Release|Any CPU
		{489FE4BF-07D4-4662-8547-4A556AE69FBC}.Release|Any CPU.Build.0 = Release|Any CPU
	EndGlobalSection
	GlobalSection(SolutionProperties) = preSolution
		HideSolutionNode = FALSE
	EndGlobalSection
	GlobalSection(ExtensibilityGlobals) = postSolution
		SolutionGuid = {FDDA9462-DB69-4B54-9852-1360E5852094}
	EndGlobalSection
EndGlobal
