
Microsoft Visual Studio Solution File, Format Version 12.00
# Visual Studio Version 17
VisualStudioVersion = 17.2.32602.215
MinimumVisualStudioVersion = 10.0.40219.1
Project("{FAE04EC0-301F-11D3-BF4B-00C04F79EFBC}") = "CheckBox", "CheckBox\CheckBox.csproj", "{48828441-E8CB-4834-9CC7-0153D700C018}"
EndProject
Global
	GlobalSection(SolutionConfigurationPlatforms) = preSolution
		Debug|Any CPU = Debug|Any CPU
		Release|Any CPU = Release|Any CPU
	EndGlobalSection
	GlobalSection(ProjectConfigurationPlatforms) = postSolution
		{48828441-E8CB-4834-9CC7-0153D700C018}.Debug|Any CPU.ActiveCfg = Debug|Any CPU
		{48828441-E8CB-4834-9CC7-0153D700C018}.Debug|Any CPU.Build.0 = Debug|Any CPU
		{48828441-E8CB-4834-9CC7-0153D700C018}.Release|Any CPU.ActiveCfg = Release|Any CPU
		{48828441-E8CB-4834-9CC7-0153D700C018}.Release|Any CPU.Build.0 = Release|Any CPU
	EndGlobalSection
	GlobalSection(SolutionProperties) = preSolution
		HideSolutionNode = FALSE
	EndGlobalSection
	GlobalSection(ExtensibilityGlobals) = postSolution
		SolutionGuid = {F4017916-B34C-40A5-8AD5-D343795268B3}
	EndGlobalSection
EndGlobal
