
Microsoft Visual Studio Solution File, Format Version 12.00
# Visual Studio Version 17
VisualStudioVersion = 17.2.32602.215
MinimumVisualStudioVersion = 10.0.40219.1
Project("{FAE04EC0-301F-11D3-BF4B-00C04F79EFBC}") = "Serialisation_objet_Json", "Serialisation_objet_Json\Serialisation_objet_Json.csproj", "{7EA9C935-68DD-4636-88FF-E47C8736AC9D}"
EndProject
Global
	GlobalSection(SolutionConfigurationPlatforms) = preSolution
		Debug|Any CPU = Debug|Any CPU
		Release|Any CPU = Release|Any CPU
	EndGlobalSection
	GlobalSection(ProjectConfigurationPlatforms) = postSolution
		{7EA9C935-68DD-4636-88FF-E47C8736AC9D}.Debug|Any CPU.ActiveCfg = Debug|Any CPU
		{7EA9C935-68DD-4636-88FF-E47C8736AC9D}.Debug|Any CPU.Build.0 = Debug|Any CPU
		{7EA9C935-68DD-4636-88FF-E47C8736AC9D}.Release|Any CPU.ActiveCfg = Release|Any CPU
		{7EA9C935-68DD-4636-88FF-E47C8736AC9D}.Release|Any CPU.Build.0 = Release|Any CPU
	EndGlobalSection
	GlobalSection(SolutionProperties) = preSolution
		HideSolutionNode = FALSE
	EndGlobalSection
	GlobalSection(ExtensibilityGlobals) = postSolution
		SolutionGuid = {7F93A230-4BDD-44A4-B904-8218DD9B9E63}
	EndGlobalSection
EndGlobal
