
Microsoft Visual Studio Solution File, Format Version 12.00
# Visual Studio Version 17
VisualStudioVersion = 17.2.32602.215
MinimumVisualStudioVersion = 10.0.40219.1
Project("{FAE04EC0-301F-11D3-BF4B-00C04F79EFBC}") = "ControleListBox", "ControleListBox\ControleListBox.csproj", "{1202F738-39B6-4E1E-BA77-F50A78CF947D}"
EndProject
Global
	GlobalSection(SolutionConfigurationPlatforms) = preSolution
		Debug|Any CPU = Debug|Any CPU
		Release|Any CPU = Release|Any CPU
	EndGlobalSection
	GlobalSection(ProjectConfigurationPlatforms) = postSolution
		{1202F738-39B6-4E1E-BA77-F50A78CF947D}.Debug|Any CPU.ActiveCfg = Debug|Any CPU
		{1202F738-39B6-4E1E-BA77-F50A78CF947D}.Debug|Any CPU.Build.0 = Debug|Any CPU
		{1202F738-39B6-4E1E-BA77-F50A78CF947D}.Release|Any CPU.ActiveCfg = Release|Any CPU
		{1202F738-39B6-4E1E-BA77-F50A78CF947D}.Release|Any CPU.Build.0 = Release|Any CPU
	EndGlobalSection
	GlobalSection(SolutionProperties) = preSolution
		HideSolutionNode = FALSE
	EndGlobalSection
	GlobalSection(ExtensibilityGlobals) = postSolution
		SolutionGuid = {F53C40C5-27E9-46DA-B0A6-BDAE0ACC66C7}
	EndGlobalSection
EndGlobal
