
Microsoft Visual Studio Solution File, Format Version 12.00
# Visual Studio Version 17
VisualStudioVersion = 17.2.32526.322
MinimumVisualStudioVersion = 10.0.40219.1
Project("{FAE04EC0-301F-11D3-BF4B-00C04F79EFBC}") = "POO", "POO.csproj", "{5D6C9920-D77E-4325-8572-2E0B48E2EBD0}"
EndProject
Project("{FAE04EC0-301F-11D3-BF4B-00C04F79EFBC}") = "POO_GETTER_SETTER", "..\POO_GETTER_SETTER\POO_GETTER_SETTER.csproj", "{E2BDFAA2-9158-4771-A698-54B5BC948267}"
EndProject
Project("{FAE04EC0-301F-11D3-BF4B-00C04F79EFBC}") = "GestionDesEmployes", "..\GestionDesEmployes\GestionDesEmployes.csproj", "{B4FC13CB-6C14-4578-9DD2-739C99F37FCA}"
EndProject
Global
	GlobalSection(SolutionConfigurationPlatforms) = preSolution
		Debug|Any CPU = Debug|Any CPU
		Release|Any CPU = Release|Any CPU
	EndGlobalSection
	GlobalSection(ProjectConfigurationPlatforms) = postSolution
		{5D6C9920-D77E-4325-8572-2E0B48E2EBD0}.Debug|Any CPU.ActiveCfg = Debug|Any CPU
		{5D6C9920-D77E-4325-8572-2E0B48E2EBD0}.Debug|Any CPU.Build.0 = Debug|Any CPU
		{5D6C9920-D77E-4325-8572-2E0B48E2EBD0}.Release|Any CPU.ActiveCfg = Release|Any CPU
		{5D6C9920-D77E-4325-8572-2E0B48E2EBD0}.Release|Any CPU.Build.0 = Release|Any CPU
		{E2BDFAA2-9158-4771-A698-54B5BC948267}.Debug|Any CPU.ActiveCfg = Debug|Any CPU
		{E2BDFAA2-9158-4771-A698-54B5BC948267}.Debug|Any CPU.Build.0 = Debug|Any CPU
		{E2BDFAA2-9158-4771-A698-54B5BC948267}.Release|Any CPU.ActiveCfg = Release|Any CPU
		{E2BDFAA2-9158-4771-A698-54B5BC948267}.Release|Any CPU.Build.0 = Release|Any CPU
		{B4FC13CB-6C14-4578-9DD2-739C99F37FCA}.Debug|Any CPU.ActiveCfg = Debug|Any CPU
		{B4FC13CB-6C14-4578-9DD2-739C99F37FCA}.Debug|Any CPU.Build.0 = Debug|Any CPU
		{B4FC13CB-6C14-4578-9DD2-739C99F37FCA}.Release|Any CPU.ActiveCfg = Release|Any CPU
		{B4FC13CB-6C14-4578-9DD2-739C99F37FCA}.Release|Any CPU.Build.0 = Release|Any CPU
	EndGlobalSection
	GlobalSection(SolutionProperties) = preSolution
		HideSolutionNode = FALSE
	EndGlobalSection
	GlobalSection(ExtensibilityGlobals) = postSolution
		SolutionGuid = {6BFBF336-AE80-4FE8-B313-EDE9420872F6}
	EndGlobalSection
EndGlobal
