
Microsoft Visual Studio Solution File, Format Version 12.00
# Visual Studio Version 17
VisualStudioVersion = 17.2.32602.215
MinimumVisualStudioVersion = 10.0.40219.1
Project("{FAE04EC0-301F-11D3-BF4B-00C04F79EFBC}") = "Interface", "Interface\Interface.csproj", "{4E526000-2B88-4577-8075-AA32BD75498A}"
EndProject
Global
	GlobalSection(SolutionConfigurationPlatforms) = preSolution
		Debug|Any CPU = Debug|Any CPU
		Release|Any CPU = Release|Any CPU
	EndGlobalSection
	GlobalSection(ProjectConfigurationPlatforms) = postSolution
		{4E526000-2B88-4577-8075-AA32BD75498A}.Debug|Any CPU.ActiveCfg = Debug|Any CPU
		{4E526000-2B88-4577-8075-AA32BD75498A}.Debug|Any CPU.Build.0 = Debug|Any CPU
		{4E526000-2B88-4577-8075-AA32BD75498A}.Release|Any CPU.ActiveCfg = Release|Any CPU
		{4E526000-2B88-4577-8075-AA32BD75498A}.Release|Any CPU.Build.0 = Release|Any CPU
	EndGlobalSection
	GlobalSection(SolutionProperties) = preSolution
		HideSolutionNode = FALSE
	EndGlobalSection
	GlobalSection(ExtensibilityGlobals) = postSolution
		SolutionGuid = {AFE68F99-6755-4F4F-845A-A4C39B454645}
	EndGlobalSection
EndGlobal
