
Microsoft Visual Studio Solution File, Format Version 12.00
# Visual Studio Version 17
VisualStudioVersion = 17.2.32526.322
MinimumVisualStudioVersion = 10.0.40219.1
Project("{9A19103F-16F7-4668-BE54-9A1E7A4F7556}") = "ManipualtionsString", "ManipualtionsString.csproj", "{DF9E0DFC-8630-48D5-8663-86B3B053CDA2}"
EndProject
Project("{9A19103F-16F7-4668-BE54-9A1E7A4F7556}") = "Manipulations2", "..\Manipulations2\Manipulations2.csproj", "{D7FB6BFD-E719-4BF7-A048-7F2CEBF3749A}"
EndProject
Project("{FAE04EC0-301F-11D3-BF4B-00C04F79EFBC}") = "Array", "..\Array\Array.csproj", "{727E2199-8DD8-446C-8446-A1E3B7F32036}"
EndProject
Global
	GlobalSection(SolutionConfigurationPlatforms) = preSolution
		Debug|Any CPU = Debug|Any CPU
		Release|Any CPU = Release|Any CPU
	EndGlobalSection
	GlobalSection(ProjectConfigurationPlatforms) = postSolution
		{DF9E0DFC-8630-48D5-8663-86B3B053CDA2}.Debug|Any CPU.ActiveCfg = Debug|Any CPU
		{DF9E0DFC-8630-48D5-8663-86B3B053CDA2}.Debug|Any CPU.Build.0 = Debug|Any CPU
		{DF9E0DFC-8630-48D5-8663-86B3B053CDA2}.Release|Any CPU.ActiveCfg = Release|Any CPU
		{DF9E0DFC-8630-48D5-8663-86B3B053CDA2}.Release|Any CPU.Build.0 = Release|Any CPU
		{D7FB6BFD-E719-4BF7-A048-7F2CEBF3749A}.Debug|Any CPU.ActiveCfg = Debug|Any CPU
		{D7FB6BFD-E719-4BF7-A048-7F2CEBF3749A}.Debug|Any CPU.Build.0 = Debug|Any CPU
		{D7FB6BFD-E719-4BF7-A048-7F2CEBF3749A}.Release|Any CPU.ActiveCfg = Release|Any CPU
		{D7FB6BFD-E719-4BF7-A048-7F2CEBF3749A}.Release|Any CPU.Build.0 = Release|Any CPU
		{727E2199-8DD8-446C-8446-A1E3B7F32036}.Debug|Any CPU.ActiveCfg = Debug|Any CPU
		{727E2199-8DD8-446C-8446-A1E3B7F32036}.Debug|Any CPU.Build.0 = Debug|Any CPU
		{727E2199-8DD8-446C-8446-A1E3B7F32036}.Release|Any CPU.ActiveCfg = Release|Any CPU
		{727E2199-8DD8-446C-8446-A1E3B7F32036}.Release|Any CPU.Build.0 = Release|Any CPU
	EndGlobalSection
	GlobalSection(SolutionProperties) = preSolution
		HideSolutionNode = FALSE
	EndGlobalSection
	GlobalSection(ExtensibilityGlobals) = postSolution
		SolutionGuid = {3E6E1A38-BCF4-43D0-B562-76B69D7C5070}
	EndGlobalSection
EndGlobal
