
Microsoft Visual Studio Solution File, Format Version 12.00
# Visual Studio Version 17
VisualStudioVersion = 17.2.32602.215
MinimumVisualStudioVersion = 10.0.40219.1
Project("{FAE04EC0-301F-11D3-BF4B-00C04F79EFBC}") = "Demo", "Demo\Demo.csproj", "{10B8FC0C-CCB8-4FE7-9F2E-284BAE3C34EC}"
EndProject
Global
	GlobalSection(SolutionConfigurationPlatforms) = preSolution
		Debug|Any CPU = Debug|Any CPU
		Release|Any CPU = Release|Any CPU
	EndGlobalSection
	GlobalSection(ProjectConfigurationPlatforms) = postSolution
		{10B8FC0C-CCB8-4FE7-9F2E-284BAE3C34EC}.Debug|Any CPU.ActiveCfg = Debug|Any CPU
		{10B8FC0C-CCB8-4FE7-9F2E-284BAE3C34EC}.Debug|Any CPU.Build.0 = Debug|Any CPU
		{10B8FC0C-CCB8-4FE7-9F2E-284BAE3C34EC}.Release|Any CPU.ActiveCfg = Release|Any CPU
		{10B8FC0C-CCB8-4FE7-9F2E-284BAE3C34EC}.Release|Any CPU.Build.0 = Release|Any CPU
	EndGlobalSection
	GlobalSection(SolutionProperties) = preSolution
		HideSolutionNode = FALSE
	EndGlobalSection
	GlobalSection(ExtensibilityGlobals) = postSolution
		SolutionGuid = {729C4DA7-777E-4BFA-AA66-6C02562D7F92}
	EndGlobalSection
EndGlobal
